
Microsoft Visual Studio Solution File, Format Version 12.00
# Visual Studio Version 17
VisualStudioVersion = 17.7.34221.43
MinimumVisualStudioVersion = 10.0.40219.1
Project("{9A19103F-16F7-4668-BE54-9A1E7A4F7556}") = "C_RESUME", "C_RESUME\C_RESUME.csproj", "{55F20112-388E-4B08-8B00-860B46157781}"
EndProject
Project("{2150E333-8FDC-42A3-9474-1A3956D46DE8}") = "ModelLayer", "ModelLayer", "{A8FCF7D3-D88C-4D2C-BA13-EA447E8AB79F}"
EndProject
Project("{FAE04EC0-301F-11D3-BF4B-00C04F79EFBC}") = "C_RESUME_DTO", "C_RESUME.DTO\C_RESUME_DTO.csproj", "{F2635351-23EC-4EF8-99BE-08F59CEB8949}"
EndProject
Project("{FAE04EC0-301F-11D3-BF4B-00C04F79EFBC}") = "C_RESUME_Extension", "C_RESUME_Extension\C_RESUME_Extension.csproj", "{95464ED7-2794-4368-82BB-7672E261ACC1}"
EndProject
Project("{2150E333-8FDC-42A3-9474-1A3956D46DE8}") = "GenericRepository", "GenericRepository", "{8D87E5C9-D7B5-43CB-A49F-C50568A191EB}"
EndProject
Project("{FAE04EC0-301F-11D3-BF4B-00C04F79EFBC}") = "C_RESUME_GenericRepository", "C_RESUME_GenericRepository\C_RESUME_GenericRepository.csproj", "{28AAD49F-A07F-411E-ACD0-A1EABA786426}"
EndProject
Project("{FAE04EC0-301F-11D3-BF4B-00C04F79EFBC}") = "C_RESUME_Entity", "C_RESUME_Entity\C_RESUME_Entity.csproj", "{C8855A1C-C007-4E02-88AA-185F9EBAD00C}"
EndProject
Project("{2150E333-8FDC-42A3-9474-1A3956D46DE8}") = "ServicesLayer", "ServicesLayer", "{6EC05C52-03BA-40C7-8B39-DA93C01655E2}"
EndProject
Project("{FAE04EC0-301F-11D3-BF4B-00C04F79EFBC}") = "C_RESUME_SYS_UserManagerServices", "SYS_UserManagerServices\C_RESUME_SYS_UserManagerServices.csproj", "{18C70967-3D8D-4212-A54F-BB97C401CF89}"
EndProject
Global
	GlobalSection(SolutionConfigurationPlatforms) = preSolution
		Debug|Any CPU = Debug|Any CPU
		Release|Any CPU = Release|Any CPU
	EndGlobalSection
	GlobalSection(ProjectConfigurationPlatforms) = postSolution
		{55F20112-388E-4B08-8B00-860B46157781}.Debug|Any CPU.ActiveCfg = Debug|Any CPU
		{55F20112-388E-4B08-8B00-860B46157781}.Debug|Any CPU.Build.0 = Debug|Any CPU
		{55F20112-388E-4B08-8B00-860B46157781}.Release|Any CPU.ActiveCfg = Release|Any CPU
		{55F20112-388E-4B08-8B00-860B46157781}.Release|Any CPU.Build.0 = Release|Any CPU
		{F2635351-23EC-4EF8-99BE-08F59CEB8949}.Debug|Any CPU.ActiveCfg = Debug|Any CPU
		{F2635351-23EC-4EF8-99BE-08F59CEB8949}.Debug|Any CPU.Build.0 = Debug|Any CPU
		{F2635351-23EC-4EF8-99BE-08F59CEB8949}.Release|Any CPU.ActiveCfg = Release|Any CPU
		{F2635351-23EC-4EF8-99BE-08F59CEB8949}.Release|Any CPU.Build.0 = Release|Any CPU
		{95464ED7-2794-4368-82BB-7672E261ACC1}.Debug|Any CPU.ActiveCfg = Debug|Any CPU
		{95464ED7-2794-4368-82BB-7672E261ACC1}.Debug|Any CPU.Build.0 = Debug|Any CPU
		{95464ED7-2794-4368-82BB-7672E261ACC1}.Release|Any CPU.ActiveCfg = Release|Any CPU
		{95464ED7-2794-4368-82BB-7672E261ACC1}.Release|Any CPU.Build.0 = Release|Any CPU
		{28AAD49F-A07F-411E-ACD0-A1EABA786426}.Debug|Any CPU.ActiveCfg = Debug|Any CPU
		{28AAD49F-A07F-411E-ACD0-A1EABA786426}.Debug|Any CPU.Build.0 = Debug|Any CPU
		{28AAD49F-A07F-411E-ACD0-A1EABA786426}.Release|Any CPU.ActiveCfg = Release|Any CPU
		{28AAD49F-A07F-411E-ACD0-A1EABA786426}.Release|Any CPU.Build.0 = Release|Any CPU
		{C8855A1C-C007-4E02-88AA-185F9EBAD00C}.Debug|Any CPU.ActiveCfg = Debug|Any CPU
		{C8855A1C-C007-4E02-88AA-185F9EBAD00C}.Debug|Any CPU.Build.0 = Debug|Any CPU
		{C8855A1C-C007-4E02-88AA-185F9EBAD00C}.Release|Any CPU.ActiveCfg = Release|Any CPU
		{C8855A1C-C007-4E02-88AA-185F9EBAD00C}.Release|Any CPU.Build.0 = Release|Any CPU
		{18C70967-3D8D-4212-A54F-BB97C401CF89}.Debug|Any CPU.ActiveCfg = Debug|Any CPU
		{18C70967-3D8D-4212-A54F-BB97C401CF89}.Debug|Any CPU.Build.0 = Debug|Any CPU
		{18C70967-3D8D-4212-A54F-BB97C401CF89}.Release|Any CPU.ActiveCfg = Release|Any CPU
		{18C70967-3D8D-4212-A54F-BB97C401CF89}.Release|Any CPU.Build.0 = Release|Any CPU
	EndGlobalSection
	GlobalSection(SolutionProperties) = preSolution
		HideSolutionNode = FALSE
	EndGlobalSection
	GlobalSection(NestedProjects) = preSolution
		{F2635351-23EC-4EF8-99BE-08F59CEB8949} = {A8FCF7D3-D88C-4D2C-BA13-EA447E8AB79F}
		{95464ED7-2794-4368-82BB-7672E261ACC1} = {A8FCF7D3-D88C-4D2C-BA13-EA447E8AB79F}
		{28AAD49F-A07F-411E-ACD0-A1EABA786426} = {8D87E5C9-D7B5-43CB-A49F-C50568A191EB}
		{C8855A1C-C007-4E02-88AA-185F9EBAD00C} = {A8FCF7D3-D88C-4D2C-BA13-EA447E8AB79F}
		{18C70967-3D8D-4212-A54F-BB97C401CF89} = {6EC05C52-03BA-40C7-8B39-DA93C01655E2}
	EndGlobalSection
	GlobalSection(ExtensibilityGlobals) = postSolution
		SolutionGuid = {9DBB74D3-CBB7-4012-B14C-86E5C81B5A24}
	EndGlobalSection
EndGlobal
